
Microsoft Visual Studio Solution File, Format Version 12.00
# Visual Studio Version 17
VisualStudioVersion = 17.5.33516.290
MinimumVisualStudioVersion = 10.0.40219.1
Project("{FAE04EC0-301F-11D3-BF4B-00C04F79EFBC}") = "PrintBuffer", "PrintBuffer\PrintBuffer.csproj", "{996F147D-2C8B-45E2-AD3C-AE060579EFED}"
EndProject
Global
	GlobalSection(SolutionConfigurationPlatforms) = preSolution
		Debug|Any CPU = Debug|Any CPU
		Release|Any CPU = Release|Any CPU
	EndGlobalSection
	GlobalSection(ProjectConfigurationPlatforms) = postSolution
		{996F147D-2C8B-45E2-AD3C-AE060579EFED}.Debug|Any CPU.ActiveCfg = Debug|Any CPU
		{996F147D-2C8B-45E2-AD3C-AE060579EFED}.Debug|Any CPU.Build.0 = Debug|Any CPU
		{996F147D-2C8B-45E2-AD3C-AE060579EFED}.Release|Any CPU.ActiveCfg = Release|Any CPU
		{996F147D-2C8B-45E2-AD3C-AE060579EFED}.Release|Any CPU.Build.0 = Release|Any CPU
	EndGlobalSection
	GlobalSection(SolutionProperties) = preSolution
		HideSolutionNode = FALSE
	EndGlobalSection
	GlobalSection(ExtensibilityGlobals) = postSolution
		SolutionGuid = {14520703-36ED-4658-825B-4B2FA897DE1D}
	EndGlobalSection
EndGlobal
